
Microsoft Visual Studio Solution File, Format Version 12.00
# Visual Studio Version 16
VisualStudioVersion = 16.0.30413.136
MinimumVisualStudioVersion = 10.0.40219.1
Project("{FAE04EC0-301F-11D3-BF4B-00C04F79EFBC}") = "BetterEveryday", "BetterEveryday\BetterEveryday.csproj", "{C1C9A061-2009-4995-8701-09A17450C66E}"
EndProject
Global
	GlobalSection(SolutionConfigurationPlatforms) = preSolution
		Debug|Any CPU = Debug|Any CPU
		Release|Any CPU = Release|Any CPU
	EndGlobalSection
	GlobalSection(ProjectConfigurationPlatforms) = postSolution
		{C1C9A061-2009-4995-8701-09A17450C66E}.Debug|Any CPU.ActiveCfg = Debug|Any CPU
		{C1C9A061-2009-4995-8701-09A17450C66E}.Debug|Any CPU.Build.0 = Debug|Any CPU
		{C1C9A061-2009-4995-8701-09A17450C66E}.Debug|Any CPU.Deploy.0 = Debug|Any CPU
		{C1C9A061-2009-4995-8701-09A17450C66E}.Release|Any CPU.ActiveCfg = Release|Any CPU
		{C1C9A061-2009-4995-8701-09A17450C66E}.Release|Any CPU.Build.0 = Release|Any CPU
		{C1C9A061-2009-4995-8701-09A17450C66E}.Release|Any CPU.Deploy.0 = Release|Any CPU
	EndGlobalSection
	GlobalSection(SolutionProperties) = preSolution
		HideSolutionNode = FALSE
	EndGlobalSection
	GlobalSection(ExtensibilityGlobals) = postSolution
		SolutionGuid = {CD5FD84D-DDBA-46B1-9E02-3EB08412DB93}
	EndGlobalSection
EndGlobal
